
Microsoft Visual Studio Solution File, Format Version 12.00
# Visual Studio Version 17
VisualStudioVersion = 17.7.34202.233
MinimumVisualStudioVersion = 10.0.40219.1
Project("{9A19103F-16F7-4668-BE54-9A1E7A4F7556}") = "PizzaOrderingApp", "PizzaOrderingApp\PizzaOrderingApp.csproj", "{7B453D90-C0E8-4F88-BAB8-AC21850210D1}"
EndProject
Project("{2150E333-8FDC-42A3-9474-1A3956D46DE8}") = "BinResources", "BinResources", "{CAD7A6ED-C7CB-4698-BBEB-9A251C6690B2}"
	ProjectSection(SolutionItems) = preProject
		PizzaOrderingApp\bin\Debug\net7.0\Resources\PizzaOrdering.db = PizzaOrderingApp\bin\Debug\net7.0\Resources\PizzaOrdering.db
	EndProjectSection
EndProject
Project("{2150E333-8FDC-42A3-9474-1A3956D46DE8}") = "Solution Items", "Solution Items", "{A9F6C479-BC2A-4A3F-A356-F0567B24B854}"
EndProject
Global
	GlobalSection(SolutionConfigurationPlatforms) = preSolution
		Debug|Any CPU = Debug|Any CPU
		Release|Any CPU = Release|Any CPU
	EndGlobalSection
	GlobalSection(ProjectConfigurationPlatforms) = postSolution
		{7B453D90-C0E8-4F88-BAB8-AC21850210D1}.Debug|Any CPU.ActiveCfg = Debug|Any CPU
		{7B453D90-C0E8-4F88-BAB8-AC21850210D1}.Debug|Any CPU.Build.0 = Debug|Any CPU
		{7B453D90-C0E8-4F88-BAB8-AC21850210D1}.Release|Any CPU.ActiveCfg = Release|Any CPU
		{7B453D90-C0E8-4F88-BAB8-AC21850210D1}.Release|Any CPU.Build.0 = Release|Any CPU
	EndGlobalSection
	GlobalSection(SolutionProperties) = preSolution
		HideSolutionNode = FALSE
	EndGlobalSection
	GlobalSection(ExtensibilityGlobals) = postSolution
		SolutionGuid = {8A6074D0-E29C-4C1D-B141-5454D8743852}
	EndGlobalSection
EndGlobal
